
Microsoft Visual Studio Solution File, Format Version 12.00
# Visual Studio Version 17
VisualStudioVersion = 17.3.32929.385
MinimumVisualStudioVersion = 10.0.40219.1
Project("{FAE04EC0-301F-11D3-BF4B-00C04F79EFBC}") = "AzureDevopsApi", "AzureDevopsApi\AzureDevopsApi.csproj", "{FB099112-2C4B-4ED4-A861-F1A5FD4024B2}"
EndProject
Project("{FAE04EC0-301F-11D3-BF4B-00C04F79EFBC}") = "GetAllWIT", "GetAllWIT\GetAllWIT.csproj", "{A895E5B0-2659-4393-9638-024CA38ACD7B}"
EndProject
Global
	GlobalSection(SolutionConfigurationPlatforms) = preSolution
		Debug|Any CPU = Debug|Any CPU
		Release|Any CPU = Release|Any CPU
	EndGlobalSection
	GlobalSection(ProjectConfigurationPlatforms) = postSolution
		{FB099112-2C4B-4ED4-A861-F1A5FD4024B2}.Debug|Any CPU.ActiveCfg = Debug|Any CPU
		{FB099112-2C4B-4ED4-A861-F1A5FD4024B2}.Debug|Any CPU.Build.0 = Debug|Any CPU
		{FB099112-2C4B-4ED4-A861-F1A5FD4024B2}.Release|Any CPU.ActiveCfg = Release|Any CPU
		{FB099112-2C4B-4ED4-A861-F1A5FD4024B2}.Release|Any CPU.Build.0 = Release|Any CPU
		{A895E5B0-2659-4393-9638-024CA38ACD7B}.Debug|Any CPU.ActiveCfg = Debug|Any CPU
		{A895E5B0-2659-4393-9638-024CA38ACD7B}.Debug|Any CPU.Build.0 = Debug|Any CPU
		{A895E5B0-2659-4393-9638-024CA38ACD7B}.Release|Any CPU.ActiveCfg = Release|Any CPU
		{A895E5B0-2659-4393-9638-024CA38ACD7B}.Release|Any CPU.Build.0 = Release|Any CPU
	EndGlobalSection
	GlobalSection(SolutionProperties) = preSolution
		HideSolutionNode = FALSE
	EndGlobalSection
	GlobalSection(ExtensibilityGlobals) = postSolution
		SolutionGuid = {1AB2C561-3941-4C05-A003-09C0834EC5AD}
	EndGlobalSection
EndGlobal
